
Microsoft Visual Studio Solution File, Format Version 12.00
# Visual Studio Version 16
VisualStudioVersion = 16.0.30804.86
MinimumVisualStudioVersion = 10.0.40219.1
Project("{FAE04EC0-301F-11D3-BF4B-00C04F79EFBC}") = "MVD_CRL", "MVD_CRL\MVD_CRL.csproj", "{1ABDB8B7-25E9-4D59-8297-53A702B788B9}"
EndProject
Global
	GlobalSection(SolutionConfigurationPlatforms) = preSolution
		Debug|Any CPU = Debug|Any CPU
		Release|Any CPU = Release|Any CPU
	EndGlobalSection
	GlobalSection(ProjectConfigurationPlatforms) = postSolution
		{1ABDB8B7-25E9-4D59-8297-53A702B788B9}.Debug|Any CPU.ActiveCfg = Debug|Any CPU
		{1ABDB8B7-25E9-4D59-8297-53A702B788B9}.Debug|Any CPU.Build.0 = Debug|Any CPU
		{1ABDB8B7-25E9-4D59-8297-53A702B788B9}.Release|Any CPU.ActiveCfg = Release|Any CPU
		{1ABDB8B7-25E9-4D59-8297-53A702B788B9}.Release|Any CPU.Build.0 = Release|Any CPU
	EndGlobalSection
	GlobalSection(SolutionProperties) = preSolution
		HideSolutionNode = FALSE
	EndGlobalSection
	GlobalSection(ExtensibilityGlobals) = postSolution
		SolutionGuid = {6A6DA36A-DD31-4FE4-9848-5B68517CA4FE}
	EndGlobalSection
EndGlobal
